
Microsoft Visual Studio Solution File, Format Version 12.00
# Visual Studio Version 16
VisualStudioVersion = 16.0.31019.35
MinimumVisualStudioVersion = 10.0.40219.1
Project("{9A19103F-16F7-4668-BE54-9A1E7A4F7556}") = "WebCore", "WebCore\WebCore.csproj", "{98393259-A4C7-48A5-8E1D-3B34CA18AEB3}"
EndProject
Project("{9A19103F-16F7-4668-BE54-9A1E7A4F7556}") = "CoreCommon", "CoreCommon\CoreCommon.csproj", "{9A8B7728-0FFA-4B34-93A0-831CDA3C5DA1}"
EndProject
Project("{9A19103F-16F7-4668-BE54-9A1E7A4F7556}") = "CoreEntirty", "CoreEntirty\CoreEntirty.csproj", "{2AE2A2D8-1600-42BC-8573-853087832F2C}"
EndProject
Project("{9A19103F-16F7-4668-BE54-9A1E7A4F7556}") = "CoreModel", "CoreModel\CoreModel.csproj", "{31A9DC2D-F257-4D1A-8609-0E5B6D997464}"
EndProject
Project("{9A19103F-16F7-4668-BE54-9A1E7A4F7556}") = "CoreBll", "CoreBll\CoreBll.csproj", "{D9EBF81A-6D12-4B61-9525-97377A28E494}"
EndProject
Project("{FAE04EC0-301F-11D3-BF4B-00C04F79EFBC}") = "Test", "Test\Test.csproj", "{9C14A6D2-645D-4E51-8957-2C2D25B2D474}"
EndProject
Global
	GlobalSection(SolutionConfigurationPlatforms) = preSolution
		Debug|Any CPU = Debug|Any CPU
		Release|Any CPU = Release|Any CPU
	EndGlobalSection
	GlobalSection(ProjectConfigurationPlatforms) = postSolution
		{98393259-A4C7-48A5-8E1D-3B34CA18AEB3}.Debug|Any CPU.ActiveCfg = Debug|Any CPU
		{98393259-A4C7-48A5-8E1D-3B34CA18AEB3}.Debug|Any CPU.Build.0 = Debug|Any CPU
		{98393259-A4C7-48A5-8E1D-3B34CA18AEB3}.Release|Any CPU.ActiveCfg = Release|Any CPU
		{98393259-A4C7-48A5-8E1D-3B34CA18AEB3}.Release|Any CPU.Build.0 = Release|Any CPU
		{9A8B7728-0FFA-4B34-93A0-831CDA3C5DA1}.Debug|Any CPU.ActiveCfg = Debug|Any CPU
		{9A8B7728-0FFA-4B34-93A0-831CDA3C5DA1}.Debug|Any CPU.Build.0 = Debug|Any CPU
		{9A8B7728-0FFA-4B34-93A0-831CDA3C5DA1}.Release|Any CPU.ActiveCfg = Release|Any CPU
		{9A8B7728-0FFA-4B34-93A0-831CDA3C5DA1}.Release|Any CPU.Build.0 = Release|Any CPU
		{2AE2A2D8-1600-42BC-8573-853087832F2C}.Debug|Any CPU.ActiveCfg = Debug|Any CPU
		{2AE2A2D8-1600-42BC-8573-853087832F2C}.Debug|Any CPU.Build.0 = Debug|Any CPU
		{2AE2A2D8-1600-42BC-8573-853087832F2C}.Release|Any CPU.ActiveCfg = Release|Any CPU
		{2AE2A2D8-1600-42BC-8573-853087832F2C}.Release|Any CPU.Build.0 = Release|Any CPU
		{31A9DC2D-F257-4D1A-8609-0E5B6D997464}.Debug|Any CPU.ActiveCfg = Debug|Any CPU
		{31A9DC2D-F257-4D1A-8609-0E5B6D997464}.Debug|Any CPU.Build.0 = Debug|Any CPU
		{31A9DC2D-F257-4D1A-8609-0E5B6D997464}.Release|Any CPU.ActiveCfg = Release|Any CPU
		{31A9DC2D-F257-4D1A-8609-0E5B6D997464}.Release|Any CPU.Build.0 = Release|Any CPU
		{D9EBF81A-6D12-4B61-9525-97377A28E494}.Debug|Any CPU.ActiveCfg = Debug|Any CPU
		{D9EBF81A-6D12-4B61-9525-97377A28E494}.Debug|Any CPU.Build.0 = Debug|Any CPU
		{D9EBF81A-6D12-4B61-9525-97377A28E494}.Release|Any CPU.ActiveCfg = Release|Any CPU
		{D9EBF81A-6D12-4B61-9525-97377A28E494}.Release|Any CPU.Build.0 = Release|Any CPU
		{9C14A6D2-645D-4E51-8957-2C2D25B2D474}.Debug|Any CPU.ActiveCfg = Debug|Any CPU
		{9C14A6D2-645D-4E51-8957-2C2D25B2D474}.Debug|Any CPU.Build.0 = Debug|Any CPU
		{9C14A6D2-645D-4E51-8957-2C2D25B2D474}.Release|Any CPU.ActiveCfg = Release|Any CPU
		{9C14A6D2-645D-4E51-8957-2C2D25B2D474}.Release|Any CPU.Build.0 = Release|Any CPU
	EndGlobalSection
	GlobalSection(SolutionProperties) = preSolution
		HideSolutionNode = FALSE
	EndGlobalSection
	GlobalSection(ExtensibilityGlobals) = postSolution
		SolutionGuid = {B0F1728E-2E41-4750-88B7-EDFF1795CCE7}
	EndGlobalSection
EndGlobal
